
Microsoft Visual Studio Solution File, Format Version 12.00
# Visual Studio Version 16
VisualStudioVersion = 16.0.32106.194
MinimumVisualStudioVersion = 10.0.40219.1
Project("{9A19103F-16F7-4668-BE54-9A1E7A4F7556}") = "razor pages eksamen fis", "razor pages eksamen fis.csproj", "{78B443C5-E25B-4EA6-A67D-E863A6FF0BFB}"
EndProject
Global
	GlobalSection(SolutionConfigurationPlatforms) = preSolution
		Debug|Any CPU = Debug|Any CPU
		Release|Any CPU = Release|Any CPU
	EndGlobalSection
	GlobalSection(ProjectConfigurationPlatforms) = postSolution
		{78B443C5-E25B-4EA6-A67D-E863A6FF0BFB}.Debug|Any CPU.ActiveCfg = Debug|Any CPU
		{78B443C5-E25B-4EA6-A67D-E863A6FF0BFB}.Debug|Any CPU.Build.0 = Debug|Any CPU
		{78B443C5-E25B-4EA6-A67D-E863A6FF0BFB}.Release|Any CPU.ActiveCfg = Release|Any CPU
		{78B443C5-E25B-4EA6-A67D-E863A6FF0BFB}.Release|Any CPU.Build.0 = Release|Any CPU
	EndGlobalSection
	GlobalSection(SolutionProperties) = preSolution
		HideSolutionNode = FALSE
	EndGlobalSection
	GlobalSection(ExtensibilityGlobals) = postSolution
		SolutionGuid = {9D44A181-7F2A-4B83-918D-A204DE8FB3F2}
	EndGlobalSection
EndGlobal
